
Microsoft Visual Studio Solution File, Format Version 12.00
# Visual Studio 14
VisualStudioVersion = 14.0.25420.1
MinimumVisualStudioVersion = 10.0.40219.1
Project("{FAE04EC0-301F-11D3-BF4B-00C04F79EFBC}") = "Stratage", "Stratage\Stratage.csproj", "{5BC92727-A106-4E40-B70C-34A69E63ED1E}"
EndProject
Project("{FAE04EC0-301F-11D3-BF4B-00C04F79EFBC}") = "StratageTests", "StratageTests\StratageTests.csproj", "{BCEDE2FC-CE2C-48EF-BBD1-C61C548BA762}"
EndProject
Global
	GlobalSection(SolutionConfigurationPlatforms) = preSolution
		Debug|Any CPU = Debug|Any CPU
		Release|Any CPU = Release|Any CPU
	EndGlobalSection
	GlobalSection(ProjectConfigurationPlatforms) = postSolution
		{5BC92727-A106-4E40-B70C-34A69E63ED1E}.Debug|Any CPU.ActiveCfg = Debug|Any CPU
		{5BC92727-A106-4E40-B70C-34A69E63ED1E}.Debug|Any CPU.Build.0 = Debug|Any CPU
		{5BC92727-A106-4E40-B70C-34A69E63ED1E}.Release|Any CPU.ActiveCfg = Release|Any CPU
		{5BC92727-A106-4E40-B70C-34A69E63ED1E}.Release|Any CPU.Build.0 = Release|Any CPU
		{BCEDE2FC-CE2C-48EF-BBD1-C61C548BA762}.Debug|Any CPU.ActiveCfg = Debug|Any CPU
		{BCEDE2FC-CE2C-48EF-BBD1-C61C548BA762}.Debug|Any CPU.Build.0 = Debug|Any CPU
		{BCEDE2FC-CE2C-48EF-BBD1-C61C548BA762}.Release|Any CPU.ActiveCfg = Release|Any CPU
		{BCEDE2FC-CE2C-48EF-BBD1-C61C548BA762}.Release|Any CPU.Build.0 = Release|Any CPU
	EndGlobalSection
	GlobalSection(SolutionProperties) = preSolution
		HideSolutionNode = FALSE
	EndGlobalSection
EndGlobal
